// !$*UTF8*$!
{
	archiveVersion = 1;
	classes = {
	};
	objectVersion = 50;
	objects = {

/* Begin PBXBuildFile section */
		4C0239D52180042E00A336E2 /* AboutViewController.swift in Sources */ = {isa = PBXBuildFile; fileRef = 4C0239D42180042E00A336E2 /* AboutViewController.swift */; };
		4C36E68221808EF500F1983F /* QueryViewController.swift in Sources */ = {isa = PBXBuildFile; fileRef = 4C36E68121808EF500F1983F /* QueryViewController.swift */; };
		4C959AA0217AA25A0082FFD9 /* SevenPlusH.framework in Frameworks */ = {isa = PBXBuildFile; fileRef = 4CFAB22B2172ED03001383BA /* SevenPlusH.framework */; };
		4C959AA2217AA5CB0082FFD9 /* ResourceProvider.swift in Sources */ = {isa = PBXBuildFile; fileRef = 4C959AA1217AA5CB0082FFD9 /* ResourceProvider.swift */; };
		4C959AA3217AB7110082FFD9 /* Alamofire.framework in Frameworks */ = {isa = PBXBuildFile; fileRef = 4CFAB1942169400C001383BA /* Alamofire.framework */; };
		4C959AA6217ADDA00082FFD9 /* Alamofire.framework in Frameworks */ = {isa = PBXBuildFile; fileRef = 4CFAB1942169400C001383BA /* Alamofire.framework */; };
		4C959AA7217ADDA00082FFD9 /* Alamofire.framework in Embed Frameworks */ = {isa = PBXBuildFile; fileRef = 4CFAB1942169400C001383BA /* Alamofire.framework */; settings = {ATTRIBUTES = (CodeSignOnCopy, RemoveHeadersOnCopy, ); }; };
		4C959AAA217ADDA40082FFD9 /* SwiftyJSON.framework in Frameworks */ = {isa = PBXBuildFile; fileRef = 4CFAB1C32169863D001383BA /* SwiftyJSON.framework */; };
		4C959AAB217ADDA40082FFD9 /* SwiftyJSON.framework in Embed Frameworks */ = {isa = PBXBuildFile; fileRef = 4CFAB1C32169863D001383BA /* SwiftyJSON.framework */; settings = {ATTRIBUTES = (CodeSignOnCopy, RemoveHeadersOnCopy, ); }; };
		4C959AAF217B4DB20082FFD9 /* Renderer.swift in Sources */ = {isa = PBXBuildFile; fileRef = 4C959AAE217B4DB20082FFD9 /* Renderer.swift */; };
		4C959AB1217DE7100082FFD9 /* ScheduleTests.swift in Sources */ = {isa = PBXBuildFile; fileRef = 4C959AB0217DE7100082FFD9 /* ScheduleTests.swift */; };
		4C959AB3217DF3830082FFD9 /* SphSchedule.swift in Sources */ = {isa = PBXBuildFile; fileRef = 4C959AB2217DF3830082FFD9 /* SphSchedule.swift */; };
		4C959AB5217E314C0082FFD9 /* ResourceDownloader.swift in Sources */ = {isa = PBXBuildFile; fileRef = 4C959AB4217E314C0082FFD9 /* ResourceDownloader.swift */; };
		4C959AB7217F93D40082FFD9 /* MainViewController.swift in Sources */ = {isa = PBXBuildFile; fileRef = 4C959AB6217F93D30082FFD9 /* MainViewController.swift */; };
		4CB3E0A12174AB7E0079E5DD /* DefinitionReader.swift in Sources */ = {isa = PBXBuildFile; fileRef = 4CB3E0A02174AB7E0079E5DD /* DefinitionReader.swift */; };
		4CB3E0A52176BDA20079E5DD /* DefinitionReaderTests.swift in Sources */ = {isa = PBXBuildFile; fileRef = 4CB3E0A42176BDA10079E5DD /* DefinitionReaderTests.swift */; };
		4CBBB0632181D8210041DB11 /* PeriodColumns.swift in Sources */ = {isa = PBXBuildFile; fileRef = 4CBBB0622181D8210041DB11 /* PeriodColumns.swift */; };
		4CEC5937217916EA005A0C37 /* SphTimetable.swift in Sources */ = {isa = PBXBuildFile; fileRef = 4CEC5936217916EA005A0C37 /* SphTimetable.swift */; };
		4CEC59572179172E005A0C37 /* TimetableTests.swift in Sources */ = {isa = PBXBuildFile; fileRef = 4CEC59562179172E005A0C37 /* TimetableTests.swift */; };
		4CEC595921794790005A0C37 /* ExclusionParser.swift in Sources */ = {isa = PBXBuildFile; fileRef = 4CEC595821794790005A0C37 /* ExclusionParser.swift */; };
		4CEC595A217A441A005A0C37 /* SevenPlusH.framework in Frameworks */ = {isa = PBXBuildFile; fileRef = 4CFAB22B2172ED03001383BA /* SevenPlusH.framework */; };
		4CEC595B217A441A005A0C37 /* SevenPlusH.framework in Embed Frameworks */ = {isa = PBXBuildFile; fileRef = 4CFAB22B2172ED03001383BA /* SevenPlusH.framework */; settings = {ATTRIBUTES = (CodeSignOnCopy, RemoveHeadersOnCopy, ); }; };
		4CF03E4921784CFA0024B06E /* SwiftyJSON.framework in Frameworks */ = {isa = PBXBuildFile; fileRef = 4CFAB1C32169863D001383BA /* SwiftyJSON.framework */; };
		4CF29F402167C23A00BD1CD2 /* AppDelegate.swift in Sources */ = {isa = PBXBuildFile; fileRef = 4CF29F3F2167C23A00BD1CD2 /* AppDelegate.swift */; };
		4CF29F422167C23A00BD1CD2 /* RootViewController.swift in Sources */ = {isa = PBXBuildFile; fileRef = 4CF29F412167C23A00BD1CD2 /* RootViewController.swift */; };
		4CF29F492167C23A00BD1CD2 /* Main.storyboard in Resources */ = {isa = PBXBuildFile; fileRef = 4CF29F472167C23A00BD1CD2 /* Main.storyboard */; };
		4CF29F4B2167C24100BD1CD2 /* Assets.xcassets in Resources */ = {isa = PBXBuildFile; fileRef = 4CF29F4A2167C24100BD1CD2 /* Assets.xcassets */; };
		4CF29F4E2167C24100BD1CD2 /* LaunchScreen.storyboard in Resources */ = {isa = PBXBuildFile; fileRef = 4CF29F4C2167C24100BD1CD2 /* LaunchScreen.storyboard */; };
		4CFAB15D21684B4C001383BA /* GoogleSignIn.bundle in Resources */ = {isa = PBXBuildFile; fileRef = 4CFAB15C21684B4C001383BA /* GoogleSignIn.bundle */; };
		4CFAB16021684B87001383BA /* LocalAuthentication.framework in Frameworks */ = {isa = PBXBuildFile; fileRef = 4CFAB15F21684B87001383BA /* LocalAuthentication.framework */; };
		4CFAB16221684B90001383BA /* SafariServices.framework in Frameworks */ = {isa = PBXBuildFile; fileRef = 4CFAB16121684B90001383BA /* SafariServices.framework */; };
		4CFAB16421684B97001383BA /* SystemConfiguration.framework in Frameworks */ = {isa = PBXBuildFile; fileRef = 4CFAB16321684B97001383BA /* SystemConfiguration.framework */; };
		4CFAB16721684DFF001383BA /* GoogleSignIn.framework in Frameworks */ = {isa = PBXBuildFile; fileRef = 4CFAB16521684DFF001383BA /* GoogleSignIn.framework */; };
		4CFAB16821684DFF001383BA /* GoogleSignInDependencies.framework in Frameworks */ = {isa = PBXBuildFile; fileRef = 4CFAB16621684DFF001383BA /* GoogleSignInDependencies.framework */; };
		4CFAB2062169A3E9001383BA /* NotificationCenter.framework in Frameworks */ = {isa = PBXBuildFile; fileRef = 4CFAB1F02169A25F001383BA /* NotificationCenter.framework */; };
		4CFAB2092169A3EA001383BA /* TodayViewController.swift in Sources */ = {isa = PBXBuildFile; fileRef = 4CFAB2082169A3EA001383BA /* TodayViewController.swift */; };
		4CFAB20C2169A3EA001383BA /* MainInterface.storyboard in Resources */ = {isa = PBXBuildFile; fileRef = 4CFAB20A2169A3EA001383BA /* MainInterface.storyboard */; };
		4CFAB2102169A3EA001383BA /* PreMatch Live.appex in Embed App Extensions */ = {isa = PBXBuildFile; fileRef = 4CFAB2052169A3E9001383BA /* PreMatch Live.appex */; settings = {ATTRIBUTES = (RemoveHeadersOnCopy, ); }; };
		4CFAB2342172ED05001383BA /* SevenPlusH.framework in Frameworks */ = {isa = PBXBuildFile; fileRef = 4CFAB22B2172ED03001383BA /* SevenPlusH.framework */; };
		4CFAB23B2172ED05001383BA /* SevenPlusH.h in Headers */ = {isa = PBXBuildFile; fileRef = 4CFAB22D2172ED04001383BA /* SevenPlusH.h */; settings = {ATTRIBUTES = (Public, ); }; };
		4CFAB2442172EDA2001383BA /* CalendarTests.swift in Sources */ = {isa = PBXBuildFile; fileRef = 4CF29F582167C24100BD1CD2 /* CalendarTests.swift */; };
		4CFAB2462172EF6C001383BA /* SphCalendar.swift in Sources */ = {isa = PBXBuildFile; fileRef = 4CFAB21D216E782E001383BA /* SphCalendar.swift */; };
		4CFAB2472172EF6C001383BA /* Exclusion.swift in Sources */ = {isa = PBXBuildFile; fileRef = 4CFAB220216F62AD001383BA /* Exclusion.swift */; };
		4CFAB2482172EF6C001383BA /* Day.swift in Sources */ = {isa = PBXBuildFile; fileRef = 4CFAB223216F658C001383BA /* Day.swift */; };
/* End PBXBuildFile section */

/* Begin PBXContainerItemProxy section */
		4C959AA8217ADDA00082FFD9 /* PBXContainerItemProxy */ = {
			isa = PBXContainerItemProxy;
			containerPortal = 4CFAB1882169400C001383BA /* Alamofire.xcodeproj */;
			proxyType = 1;
			remoteGlobalIDString = F8111E3219A95C8B0040E7D1;
			remoteInfo = "Alamofire iOS";
		};
		4C959AAC217ADDA40082FFD9 /* PBXContainerItemProxy */ = {
			isa = PBXContainerItemProxy;
			containerPortal = 4CFAB1A82169863C001383BA /* SwiftyJSON.xcodeproj */;
			proxyType = 1;
			remoteGlobalIDString = 2E4FEFDA19575BE100351305;
			remoteInfo = "SwiftyJSON iOS";
		};
		4CEC595C217A441B005A0C37 /* PBXContainerItemProxy */ = {
			isa = PBXContainerItemProxy;
			containerPortal = 4CF29F342167C23900BD1CD2 /* Project object */;
			proxyType = 1;
			remoteGlobalIDString = 4CFAB22A2172ED03001383BA;
			remoteInfo = SevenPlusH;
		};
		4CF29F552167C24100BD1CD2 /* PBXContainerItemProxy */ = {
			isa = PBXContainerItemProxy;
			containerPortal = 4CF29F342167C23900BD1CD2 /* Project object */;
			proxyType = 1;
			remoteGlobalIDString = 4CF29F3B2167C23900BD1CD2;
			remoteInfo = PreMatch;
		};
		4CFAB17A21693FFD001383BA /* PBXContainerItemProxy */ = {
			isa = PBXContainerItemProxy;
			containerPortal = 4CFAB16F21693FFD001383BA /* Alamofire.xcodeproj */;
			proxyType = 2;
			remoteGlobalIDString = F8111E3319A95C8B0040E7D1;
			remoteInfo = "Alamofire iOS";
		};
		4CFAB17C21693FFD001383BA /* PBXContainerItemProxy */ = {
			isa = PBXContainerItemProxy;
			containerPortal = 4CFAB16F21693FFD001383BA /* Alamofire.xcodeproj */;
			proxyType = 2;
			remoteGlobalIDString = F8111E3E19A95C8B0040E7D1;
			remoteInfo = "Alamofire iOS Tests";
		};
		4CFAB17E21693FFD001383BA /* PBXContainerItemProxy */ = {
			isa = PBXContainerItemProxy;
			containerPortal = 4CFAB16F21693FFD001383BA /* Alamofire.xcodeproj */;
			proxyType = 2;
			remoteGlobalIDString = 4DD67C0B1A5C55C900ED2280;
			remoteInfo = "Alamofire macOS";
		};
		4CFAB18021693FFD001383BA /* PBXContainerItemProxy */ = {
			isa = PBXContainerItemProxy;
			containerPortal = 4CFAB16F21693FFD001383BA /* Alamofire.xcodeproj */;
			proxyType = 2;
			remoteGlobalIDString = F829C6B21A7A94F100A2CD59;
			remoteInfo = "Alamofire macOS Tests";
		};
		4CFAB18221693FFD001383BA /* PBXContainerItemProxy */ = {
			isa = PBXContainerItemProxy;
			containerPortal = 4CFAB16F21693FFD001383BA /* Alamofire.xcodeproj */;
			proxyType = 2;
			remoteGlobalIDString = 4CF626EF1BA7CB3E0011A099;
			remoteInfo = "Alamofire tvOS";
		};
		4CFAB18421693FFD001383BA /* PBXContainerItemProxy */ = {
			isa = PBXContainerItemProxy;
			containerPortal = 4CFAB16F21693FFD001383BA /* Alamofire.xcodeproj */;
			proxyType = 2;
			remoteGlobalIDString = 4CF626F81BA7CB3E0011A099;
			remoteInfo = "Alamofire tvOS Tests";
		};
		4CFAB18621693FFD001383BA /* PBXContainerItemProxy */ = {
			isa = PBXContainerItemProxy;
			containerPortal = 4CFAB16F21693FFD001383BA /* Alamofire.xcodeproj */;
			proxyType = 2;
			remoteGlobalIDString = E4202FE01B667AA100C997FB;
			remoteInfo = "Alamofire watchOS";
		};
		4CFAB1932169400C001383BA /* PBXContainerItemProxy */ = {
			isa = PBXContainerItemProxy;
			containerPortal = 4CFAB1882169400C001383BA /* Alamofire.xcodeproj */;
			proxyType = 2;
			remoteGlobalIDString = F8111E3319A95C8B0040E7D1;
			remoteInfo = "Alamofire iOS";
		};
		4CFAB1952169400C001383BA /* PBXContainerItemProxy */ = {
			isa = PBXContainerItemProxy;
			containerPortal = 4CFAB1882169400C001383BA /* Alamofire.xcodeproj */;
			proxyType = 2;
			remoteGlobalIDString = F8111E3E19A95C8B0040E7D1;
			remoteInfo = "Alamofire iOS Tests";
		};
		4CFAB1972169400C001383BA /* PBXContainerItemProxy */ = {
			isa = PBXContainerItemProxy;
			containerPortal = 4CFAB1882169400C001383BA /* Alamofire.xcodeproj */;
			proxyType = 2;
			remoteGlobalIDString = 4DD67C0B1A5C55C900ED2280;
			remoteInfo = "Alamofire macOS";
		};
		4CFAB1992169400C001383BA /* PBXContainerItemProxy */ = {
			isa = PBXContainerItemProxy;
			containerPortal = 4CFAB1882169400C001383BA /* Alamofire.xcodeproj */;
			proxyType = 2;
			remoteGlobalIDString = F829C6B21A7A94F100A2CD59;
			remoteInfo = "Alamofire macOS Tests";
		};
		4CFAB19B2169400C001383BA /* PBXContainerItemProxy */ = {
			isa = PBXContainerItemProxy;
			containerPortal = 4CFAB1882169400C001383BA /* Alamofire.xcodeproj */;
			proxyType = 2;
			remoteGlobalIDString = 4CF626EF1BA7CB3E0011A099;
			remoteInfo = "Alamofire tvOS";
		};
		4CFAB19D2169400C001383BA /* PBXContainerItemProxy */ = {
			isa = PBXContainerItemProxy;
			containerPortal = 4CFAB1882169400C001383BA /* Alamofire.xcodeproj */;
			proxyType = 2;
			remoteGlobalIDString = 4CF626F81BA7CB3E0011A099;
			remoteInfo = "Alamofire tvOS Tests";
		};
		4CFAB19F2169400C001383BA /* PBXContainerItemProxy */ = {
			isa = PBXContainerItemProxy;
			containerPortal = 4CFAB1882169400C001383BA /* Alamofire.xcodeproj */;
			proxyType = 2;
			remoteGlobalIDString = E4202FE01B667AA100C997FB;
			remoteInfo = "Alamofire watchOS";
		};
		4CFAB1C22169863D001383BA /* PBXContainerItemProxy */ = {
			isa = PBXContainerItemProxy;
			containerPortal = 4CFAB1A82169863C001383BA /* SwiftyJSON.xcodeproj */;
			proxyType = 2;
			remoteGlobalIDString = 2E4FEFDB19575BE100351305;
			remoteInfo = "SwiftyJSON iOS";
		};
		4CFAB1C42169863D001383BA /* PBXContainerItemProxy */ = {
			isa = PBXContainerItemProxy;
			containerPortal = 4CFAB1A82169863C001383BA /* SwiftyJSON.xcodeproj */;
			proxyType = 2;
			remoteGlobalIDString = 2E4FEFE619575BE100351305;
			remoteInfo = "SwiftyJSON iOS Tests";
		};
		4CFAB1C62169863D001383BA /* PBXContainerItemProxy */ = {
			isa = PBXContainerItemProxy;
			containerPortal = 4CFAB1A82169863C001383BA /* SwiftyJSON.xcodeproj */;
			proxyType = 2;
			remoteGlobalIDString = 9C7DFC5B1A9102BD005AA3F7;
			remoteInfo = "SwiftyJSON macOS";
		};
		4CFAB1C82169863D001383BA /* PBXContainerItemProxy */ = {
			isa = PBXContainerItemProxy;
			containerPortal = 4CFAB1A82169863C001383BA /* SwiftyJSON.xcodeproj */;
			proxyType = 2;
			remoteGlobalIDString = 9C7DFC651A9102BD005AA3F7;
			remoteInfo = "SwiftyJSON macOS Tests";
		};
		4CFAB1CA2169863D001383BA /* PBXContainerItemProxy */ = {
			isa = PBXContainerItemProxy;
			containerPortal = 4CFAB1A82169863C001383BA /* SwiftyJSON.xcodeproj */;
			proxyType = 2;
			remoteGlobalIDString = E4D7CCE81B9465A700EE7221;
			remoteInfo = "SwiftyJSON watchOS";
		};
		4CFAB1CC2169863D001383BA /* PBXContainerItemProxy */ = {
			isa = PBXContainerItemProxy;
			containerPortal = 4CFAB1A82169863C001383BA /* SwiftyJSON.xcodeproj */;
			proxyType = 2;
			remoteGlobalIDString = 7236B4F61BAC14150020529B;
			remoteInfo = "SwiftyJSON tvOS";
		};
		4CFAB1CE2169863D001383BA /* PBXContainerItemProxy */ = {
			isa = PBXContainerItemProxy;
			containerPortal = 4CFAB1A82169863C001383BA /* SwiftyJSON.xcodeproj */;
			proxyType = 2;
			remoteGlobalIDString = A8580F741BCF5C5B00DA927B;
			remoteInfo = "SwiftyJSON tvOS Tests";
		};
		4CFAB1DB21698640001383BA /* PBXContainerItemProxy */ = {
			isa = PBXContainerItemProxy;
			containerPortal = 4CFAB1D021698640001383BA /* SwiftyJSON.xcodeproj */;
			proxyType = 2;
			remoteGlobalIDString = 2E4FEFDB19575BE100351305;
			remoteInfo = "SwiftyJSON iOS";
		};
		4CFAB1DD21698640001383BA /* PBXContainerItemProxy */ = {
			isa = PBXContainerItemProxy;
			containerPortal = 4CFAB1D021698640001383BA /* SwiftyJSON.xcodeproj */;
			proxyType = 2;
			remoteGlobalIDString = 2E4FEFE619575BE100351305;
			remoteInfo = "SwiftyJSON iOS Tests";
		};
		4CFAB1DF21698640001383BA /* PBXContainerItemProxy */ = {
			isa = PBXContainerItemProxy;
			containerPortal = 4CFAB1D021698640001383BA /* SwiftyJSON.xcodeproj */;
			proxyType = 2;
			remoteGlobalIDString = 9C7DFC5B1A9102BD005AA3F7;
			remoteInfo = "SwiftyJSON macOS";
		};
		4CFAB1E121698640001383BA /* PBXContainerItemProxy */ = {
			isa = PBXContainerItemProxy;
			containerPortal = 4CFAB1D021698640001383BA /* SwiftyJSON.xcodeproj */;
			proxyType = 2;
			remoteGlobalIDString = 9C7DFC651A9102BD005AA3F7;
			remoteInfo = "SwiftyJSON macOS Tests";
		};
		4CFAB1E321698640001383BA /* PBXContainerItemProxy */ = {
			isa = PBXContainerItemProxy;
			containerPortal = 4CFAB1D021698640001383BA /* SwiftyJSON.xcodeproj */;
			proxyType = 2;
			remoteGlobalIDString = E4D7CCE81B9465A700EE7221;
			remoteInfo = "SwiftyJSON watchOS";
		};
		4CFAB1E521698640001383BA /* PBXContainerItemProxy */ = {
			isa = PBXContainerItemProxy;
			containerPortal = 4CFAB1D021698640001383BA /* SwiftyJSON.xcodeproj */;
			proxyType = 2;
			remoteGlobalIDString = 7236B4F61BAC14150020529B;
			remoteInfo = "SwiftyJSON tvOS";
		};
		4CFAB1E721698640001383BA /* PBXContainerItemProxy */ = {
			isa = PBXContainerItemProxy;
			containerPortal = 4CFAB1D021698640001383BA /* SwiftyJSON.xcodeproj */;
			proxyType = 2;
			remoteGlobalIDString = A8580F741BCF5C5B00DA927B;
			remoteInfo = "SwiftyJSON tvOS Tests";
		};
		4CFAB20E2169A3EA001383BA /* PBXContainerItemProxy */ = {
			isa = PBXContainerItemProxy;
			containerPortal = 4CF29F342167C23900BD1CD2 /* Project object */;
			proxyType = 1;
			remoteGlobalIDString = 4CFAB2042169A3E9001383BA;
			remoteInfo = "PreMatch Live";
		};
		4CFAB2352172ED05001383BA /* PBXContainerItemProxy */ = {
			isa = PBXContainerItemProxy;
			containerPortal = 4CF29F342167C23900BD1CD2 /* Project object */;
			proxyType = 1;
			remoteGlobalIDString = 4CFAB22A2172ED03001383BA;
			remoteInfo = SevenPlusH;
		};
		4CFAB2422172ED10001383BA /* PBXContainerItemProxy */ = {
			isa = PBXContainerItemProxy;
			containerPortal = 4CF29F342167C23900BD1CD2 /* Project object */;
			proxyType = 1;
			remoteGlobalIDString = 4CF29F3B2167C23900BD1CD2;
			remoteInfo = PreMatch;
		};
/* End PBXContainerItemProxy section */

/* Begin PBXCopyFilesBuildPhase section */
		4CFAB1A5216940DC001383BA /* Embed Frameworks */ = {
			isa = PBXCopyFilesBuildPhase;
			buildActionMask = 2147483647;
			dstPath = "";
			dstSubfolderSpec = 10;
			files = (
				4CEC595B217A441A005A0C37 /* SevenPlusH.framework in Embed Frameworks */,
				4C959AA7217ADDA00082FFD9 /* Alamofire.framework in Embed Frameworks */,
				4C959AAB217ADDA40082FFD9 /* SwiftyJSON.framework in Embed Frameworks */,
			);
			name = "Embed Frameworks";
			runOnlyForDeploymentPostprocessing = 0;
		};
		4CFAB1FF2169A260001383BA /* Embed App Extensions */ = {
			isa = PBXCopyFilesBuildPhase;
			buildActionMask = 2147483647;
			dstPath = "";
			dstSubfolderSpec = 13;
			files = (
				4CFAB2102169A3EA001383BA /* PreMatch Live.appex in Embed App Extensions */,
			);
			name = "Embed App Extensions";
			runOnlyForDeploymentPostprocessing = 0;
		};
/* End PBXCopyFilesBuildPhase section */

/* Begin PBXFileReference section */
		4C0239D42180042E00A336E2 /* AboutViewController.swift */ = {isa = PBXFileReference; lastKnownFileType = sourcecode.swift; path = AboutViewController.swift; sourceTree = "<group>"; };
		4C36E68121808EF500F1983F /* QueryViewController.swift */ = {isa = PBXFileReference; lastKnownFileType = sourcecode.swift; path = QueryViewController.swift; sourceTree = "<group>"; };
		4C959AA1217AA5CB0082FFD9 /* ResourceProvider.swift */ = {isa = PBXFileReference; lastKnownFileType = sourcecode.swift; path = ResourceProvider.swift; sourceTree = "<group>"; };
		4C959AAE217B4DB20082FFD9 /* Renderer.swift */ = {isa = PBXFileReference; lastKnownFileType = sourcecode.swift; path = Renderer.swift; sourceTree = "<group>"; };
		4C959AB0217DE7100082FFD9 /* ScheduleTests.swift */ = {isa = PBXFileReference; lastKnownFileType = sourcecode.swift; path = ScheduleTests.swift; sourceTree = "<group>"; };
		4C959AB2217DF3830082FFD9 /* SphSchedule.swift */ = {isa = PBXFileReference; lastKnownFileType = sourcecode.swift; path = SphSchedule.swift; sourceTree = "<group>"; };
		4C959AB4217E314C0082FFD9 /* ResourceDownloader.swift */ = {isa = PBXFileReference; lastKnownFileType = sourcecode.swift; path = ResourceDownloader.swift; sourceTree = "<group>"; };
		4C959AB6217F93D30082FFD9 /* MainViewController.swift */ = {isa = PBXFileReference; lastKnownFileType = sourcecode.swift; path = MainViewController.swift; sourceTree = "<group>"; };
		4CB3E0A02174AB7E0079E5DD /* DefinitionReader.swift */ = {isa = PBXFileReference; lastKnownFileType = sourcecode.swift; path = DefinitionReader.swift; sourceTree = "<group>"; };
		4CB3E0A42176BDA10079E5DD /* DefinitionReaderTests.swift */ = {isa = PBXFileReference; lastKnownFileType = sourcecode.swift; path = DefinitionReaderTests.swift; sourceTree = "<group>"; };
		4CBBB0622181D8210041DB11 /* PeriodColumns.swift */ = {isa = PBXFileReference; lastKnownFileType = sourcecode.swift; path = PeriodColumns.swift; sourceTree = "<group>"; };
		4CEC5936217916EA005A0C37 /* SphTimetable.swift */ = {isa = PBXFileReference; lastKnownFileType = sourcecode.swift; path = SphTimetable.swift; sourceTree = "<group>"; };
		4CEC59562179172E005A0C37 /* TimetableTests.swift */ = {isa = PBXFileReference; lastKnownFileType = sourcecode.swift; path = TimetableTests.swift; sourceTree = "<group>"; };
		4CEC595821794790005A0C37 /* ExclusionParser.swift */ = {isa = PBXFileReference; lastKnownFileType = sourcecode.swift; path = ExclusionParser.swift; sourceTree = "<group>"; };
		4CF29F3C2167C23A00BD1CD2 /* PreMatch.app */ = {isa = PBXFileReference; explicitFileType = wrapper.application; includeInIndex = 0; path = PreMatch.app; sourceTree = BUILT_PRODUCTS_DIR; };
		4CF29F3F2167C23A00BD1CD2 /* AppDelegate.swift */ = {isa = PBXFileReference; lastKnownFileType = sourcecode.swift; path = AppDelegate.swift; sourceTree = "<group>"; };
		4CF29F412167C23A00BD1CD2 /* RootViewController.swift */ = {isa = PBXFileReference; lastKnownFileType = sourcecode.swift; path = RootViewController.swift; sourceTree = "<group>"; };
		4CF29F482167C23A00BD1CD2 /* Base */ = {isa = PBXFileReference; lastKnownFileType = file.storyboard; name = Base; path = Base.lproj/Main.storyboard; sourceTree = "<group>"; };
		4CF29F4A2167C24100BD1CD2 /* Assets.xcassets */ = {isa = PBXFileReference; lastKnownFileType = folder.assetcatalog; path = Assets.xcassets; sourceTree = "<group>"; };
		4CF29F4D2167C24100BD1CD2 /* Base */ = {isa = PBXFileReference; lastKnownFileType = file.storyboard; name = Base; path = Base.lproj/LaunchScreen.storyboard; sourceTree = "<group>"; };
		4CF29F4F2167C24100BD1CD2 /* Info.plist */ = {isa = PBXFileReference; lastKnownFileType = text.plist.xml; path = Info.plist; sourceTree = "<group>"; };
		4CF29F542167C24100BD1CD2 /* PreMatchTests.xctest */ = {isa = PBXFileReference; explicitFileType = wrapper.cfbundle; includeInIndex = 0; path = PreMatchTests.xctest; sourceTree = BUILT_PRODUCTS_DIR; };
		4CF29F582167C24100BD1CD2 /* CalendarTests.swift */ = {isa = PBXFileReference; lastKnownFileType = sourcecode.swift; path = CalendarTests.swift; sourceTree = "<group>"; };
		4CF29F5A2167C24100BD1CD2 /* Info.plist */ = {isa = PBXFileReference; lastKnownFileType = text.plist.xml; path = Info.plist; sourceTree = "<group>"; };
		4CFAB15C21684B4C001383BA /* GoogleSignIn.bundle */ = {isa = PBXFileReference; lastKnownFileType = "wrapper.plug-in"; path = GoogleSignIn.bundle; sourceTree = "<group>"; };
		4CFAB15F21684B87001383BA /* LocalAuthentication.framework */ = {isa = PBXFileReference; lastKnownFileType = wrapper.framework; name = LocalAuthentication.framework; path = System/Library/Frameworks/LocalAuthentication.framework; sourceTree = SDKROOT; };
		4CFAB16121684B90001383BA /* SafariServices.framework */ = {isa = PBXFileReference; lastKnownFileType = wrapper.framework; name = SafariServices.framework; path = System/Library/Frameworks/SafariServices.framework; sourceTree = SDKROOT; };
		4CFAB16321684B97001383BA /* SystemConfiguration.framework */ = {isa = PBXFileReference; lastKnownFileType = wrapper.framework; name = SystemConfiguration.framework; path = System/Library/Frameworks/SystemConfiguration.framework; sourceTree = SDKROOT; };
		4CFAB16521684DFF001383BA /* GoogleSignIn.framework */ = {isa = PBXFileReference; lastKnownFileType = wrapper.framework; path = GoogleSignIn.framework; sourceTree = "<group>"; };
		4CFAB16621684DFF001383BA /* GoogleSignInDependencies.framework */ = {isa = PBXFileReference; lastKnownFileType = wrapper.framework; path = GoogleSignInDependencies.framework; sourceTree = "<group>"; };
		4CFAB16F21693FFD001383BA /* Alamofire.xcodeproj */ = {isa = PBXFileReference; lastKnownFileType = "wrapper.pb-project"; name = Alamofire.xcodeproj; path = Alamofire/Alamofire.xcodeproj; sourceTree = "<group>"; };
		4CFAB1882169400C001383BA /* Alamofire.xcodeproj */ = {isa = PBXFileReference; lastKnownFileType = "wrapper.pb-project"; name = Alamofire.xcodeproj; path = Alamofire/Alamofire.xcodeproj; sourceTree = "<group>"; };
		4CFAB1A82169863C001383BA /* SwiftyJSON.xcodeproj */ = {isa = PBXFileReference; lastKnownFileType = "wrapper.pb-project"; name = SwiftyJSON.xcodeproj; path = SwiftyJSON/SwiftyJSON.xcodeproj; sourceTree = SOURCE_ROOT; };
		4CFAB1D021698640001383BA /* SwiftyJSON.xcodeproj */ = {isa = PBXFileReference; lastKnownFileType = "wrapper.pb-project"; name = SwiftyJSON.xcodeproj; path = SwiftyJSON/SwiftyJSON.xcodeproj; sourceTree = "<group>"; };
		4CFAB1F02169A25F001383BA /* NotificationCenter.framework */ = {isa = PBXFileReference; lastKnownFileType = wrapper.framework; name = NotificationCenter.framework; path = System/Library/Frameworks/NotificationCenter.framework; sourceTree = SDKROOT; };
		4CFAB2052169A3E9001383BA /* PreMatch Live.appex */ = {isa = PBXFileReference; explicitFileType = "wrapper.app-extension"; includeInIndex = 0; path = "PreMatch Live.appex"; sourceTree = BUILT_PRODUCTS_DIR; };
		4CFAB2082169A3EA001383BA /* TodayViewController.swift */ = {isa = PBXFileReference; lastKnownFileType = sourcecode.swift; path = TodayViewController.swift; sourceTree = "<group>"; };
		4CFAB20B2169A3EA001383BA /* Base */ = {isa = PBXFileReference; lastKnownFileType = file.storyboard; name = Base; path = Base.lproj/MainInterface.storyboard; sourceTree = "<group>"; };
		4CFAB20D2169A3EA001383BA /* Info.plist */ = {isa = PBXFileReference; lastKnownFileType = text.plist.xml; path = Info.plist; sourceTree = "<group>"; };
		4CFAB218216A7348001383BA /* PreMatch.entitlements */ = {isa = PBXFileReference; lastKnownFileType = text.plist.entitlements; path = PreMatch.entitlements; sourceTree = "<group>"; };
		4CFAB219216A736A001383BA /* PreMatch Live.entitlements */ = {isa = PBXFileReference; lastKnownFileType = text.plist.entitlements; path = "PreMatch Live.entitlements"; sourceTree = "<group>"; };
		4CFAB21D216E782E001383BA /* SphCalendar.swift */ = {isa = PBXFileReference; lastKnownFileType = sourcecode.swift; path = SphCalendar.swift; sourceTree = "<group>"; };
		4CFAB220216F62AD001383BA /* Exclusion.swift */ = {isa = PBXFileReference; lastKnownFileType = sourcecode.swift; path = Exclusion.swift; sourceTree = "<group>"; };
		4CFAB223216F658C001383BA /* Day.swift */ = {isa = PBXFileReference; lastKnownFileType = sourcecode.swift; path = Day.swift; sourceTree = "<group>"; };
		4CFAB22B2172ED03001383BA /* SevenPlusH.framework */ = {isa = PBXFileReference; explicitFileType = wrapper.framework; includeInIndex = 0; path = SevenPlusH.framework; sourceTree = BUILT_PRODUCTS_DIR; };
		4CFAB22D2172ED04001383BA /* SevenPlusH.h */ = {isa = PBXFileReference; lastKnownFileType = sourcecode.c.h; path = SevenPlusH.h; sourceTree = "<group>"; };
		4CFAB22E2172ED04001383BA /* Info.plist */ = {isa = PBXFileReference; lastKnownFileType = text.plist.xml; path = Info.plist; sourceTree = "<group>"; };
		4CFAB2332172ED04001383BA /* SevenPlusHTests.xctest */ = {isa = PBXFileReference; explicitFileType = wrapper.cfbundle; includeInIndex = 0; path = SevenPlusHTests.xctest; sourceTree = BUILT_PRODUCTS_DIR; };
		4CFAB23A2172ED05001383BA /* Info.plist */ = {isa = PBXFileReference; lastKnownFileType = text.plist.xml; path = Info.plist; sourceTree = "<group>"; };
/* End PBXFileReference section */

/* Begin PBXFrameworksBuildPhase section */
		4CF29F392167C23900BD1CD2 /* Frameworks */ = {
			isa = PBXFrameworksBuildPhase;
			buildActionMask = 2147483647;
			files = (
				4C959AAA217ADDA40082FFD9 /* SwiftyJSON.framework in Frameworks */,
				4CEC595A217A441A005A0C37 /* SevenPlusH.framework in Frameworks */,
				4CFAB16721684DFF001383BA /* GoogleSignIn.framework in Frameworks */,
				4CFAB16821684DFF001383BA /* GoogleSignInDependencies.framework in Frameworks */,
				4CFAB16421684B97001383BA /* SystemConfiguration.framework in Frameworks */,
				4C959AA6217ADDA00082FFD9 /* Alamofire.framework in Frameworks */,
				4CFAB16221684B90001383BA /* SafariServices.framework in Frameworks */,
				4CFAB16021684B87001383BA /* LocalAuthentication.framework in Frameworks */,
			);
			runOnlyForDeploymentPostprocessing = 0;
		};
		4CF29F512167C24100BD1CD2 /* Frameworks */ = {
			isa = PBXFrameworksBuildPhase;
			buildActionMask = 2147483647;
			files = (
			);
			runOnlyForDeploymentPostprocessing = 0;
		};
		4CFAB2022169A3E9001383BA /* Frameworks */ = {
			isa = PBXFrameworksBuildPhase;
			buildActionMask = 2147483647;
			files = (
				4C959AA0217AA25A0082FFD9 /* SevenPlusH.framework in Frameworks */,
				4CFAB2062169A3E9001383BA /* NotificationCenter.framework in Frameworks */,
			);
			runOnlyForDeploymentPostprocessing = 0;
		};
		4CFAB2272172ED03001383BA /* Frameworks */ = {
			isa = PBXFrameworksBuildPhase;
			buildActionMask = 2147483647;
			files = (
				4C959AA3217AB7110082FFD9 /* Alamofire.framework in Frameworks */,
				4CF03E4921784CFA0024B06E /* SwiftyJSON.framework in Frameworks */,
			);
			runOnlyForDeploymentPostprocessing = 0;
		};
		4CFAB2302172ED04001383BA /* Frameworks */ = {
			isa = PBXFrameworksBuildPhase;
			buildActionMask = 2147483647;
			files = (
				4CFAB2342172ED05001383BA /* SevenPlusH.framework in Frameworks */,
			);
			runOnlyForDeploymentPostprocessing = 0;
		};
/* End PBXFrameworksBuildPhase section */

/* Begin PBXGroup section */
		4CF29F332167C23900BD1CD2 = {
			isa = PBXGroup;
			children = (
				4CFAB1D021698640001383BA /* SwiftyJSON.xcodeproj */,
				4CFAB1882169400C001383BA /* Alamofire.xcodeproj */,
				4CFAB15C21684B4C001383BA /* GoogleSignIn.bundle */,
				4CF29F3E2167C23A00BD1CD2 /* PreMatch */,
				4CF29F572167C24100BD1CD2 /* PreMatchTests */,
				4CFAB2072169A3EA001383BA /* PreMatch Live */,
				4CFAB22C2172ED04001383BA /* SevenPlusH */,
				4CFAB2372172ED05001383BA /* SevenPlusHTests */,
				4CF29F3D2167C23A00BD1CD2 /* Products */,
				4CFAB15E21684B86001383BA /* Frameworks */,
			);
			sourceTree = "<group>";
		};
		4CF29F3D2167C23A00BD1CD2 /* Products */ = {
			isa = PBXGroup;
			children = (
				4CF29F3C2167C23A00BD1CD2 /* PreMatch.app */,
				4CF29F542167C24100BD1CD2 /* PreMatchTests.xctest */,
				4CFAB2052169A3E9001383BA /* PreMatch Live.appex */,
				4CFAB22B2172ED03001383BA /* SevenPlusH.framework */,
				4CFAB2332172ED04001383BA /* SevenPlusHTests.xctest */,
			);
			name = Products;
			sourceTree = "<group>";
		};
		4CF29F3E2167C23A00BD1CD2 /* PreMatch */ = {
			isa = PBXGroup;
			children = (
				4CFAB218216A7348001383BA /* PreMatch.entitlements */,
				4CF29F3F2167C23A00BD1CD2 /* AppDelegate.swift */,
				4CFAB1A82169863C001383BA /* SwiftyJSON.xcodeproj */,
				4CF29F412167C23A00BD1CD2 /* RootViewController.swift */,
				4CF29F472167C23A00BD1CD2 /* Main.storyboard */,
				4CF29F4A2167C24100BD1CD2 /* Assets.xcassets */,
				4CF29F4C2167C24100BD1CD2 /* LaunchScreen.storyboard */,
				4CF29F4F2167C24100BD1CD2 /* Info.plist */,
				4C959AB6217F93D30082FFD9 /* MainViewController.swift */,
				4C0239D42180042E00A336E2 /* AboutViewController.swift */,
				4C36E68121808EF500F1983F /* QueryViewController.swift */,
			);
			path = PreMatch;
			sourceTree = "<group>";
		};
		4CF29F572167C24100BD1CD2 /* PreMatchTests */ = {
			isa = PBXGroup;
			children = (
				4CF29F5A2167C24100BD1CD2 /* Info.plist */,
			);
			path = PreMatchTests;
			sourceTree = "<group>";
		};
		4CFAB15E21684B86001383BA /* Frameworks */ = {
			isa = PBXGroup;
			children = (
				4CFAB16521684DFF001383BA /* GoogleSignIn.framework */,
				4CFAB16621684DFF001383BA /* GoogleSignInDependencies.framework */,
				4CFAB16321684B97001383BA /* SystemConfiguration.framework */,
				4CFAB16121684B90001383BA /* SafariServices.framework */,
				4CFAB15F21684B87001383BA /* LocalAuthentication.framework */,
				4CFAB16F21693FFD001383BA /* Alamofire.xcodeproj */,
				4CFAB1F02169A25F001383BA /* NotificationCenter.framework */,
			);
			name = Frameworks;
			sourceTree = "<group>";
		};
		4CFAB17021693FFD001383BA /* Products */ = {
			isa = PBXGroup;
			children = (
				4CFAB17B21693FFD001383BA /* Alamofire.framework */,
				4CFAB17D21693FFD001383BA /* Alamofire iOS Tests.xctest */,
				4CFAB17F21693FFD001383BA /* Alamofire.framework */,
				4CFAB18121693FFD001383BA /* Alamofire macOS Tests.xctest */,
				4CFAB18321693FFD001383BA /* Alamofire.framework */,
				4CFAB18521693FFD001383BA /* Alamofire tvOS Tests.xctest */,
				4CFAB18721693FFD001383BA /* Alamofire.framework */,
			);
			name = Products;
			sourceTree = "<group>";
		};
		4CFAB1892169400C001383BA /* Products */ = {
			isa = PBXGroup;
			children = (
				4CFAB1942169400C001383BA /* Alamofire.framework */,
				4CFAB1962169400C001383BA /* Alamofire iOS Tests.xctest */,
				4CFAB1982169400C001383BA /* Alamofire.framework */,
				4CFAB19A2169400C001383BA /* Alamofire macOS Tests.xctest */,
				4CFAB19C2169400C001383BA /* Alamofire.framework */,
				4CFAB19E2169400C001383BA /* Alamofire tvOS Tests.xctest */,
				4CFAB1A02169400C001383BA /* Alamofire.framework */,
			);
			name = Products;
			sourceTree = "<group>";
		};
		4CFAB1A92169863C001383BA /* Products */ = {
			isa = PBXGroup;
			children = (
				4CFAB1C32169863D001383BA /* SwiftyJSON.framework */,
				4CFAB1C52169863D001383BA /* SwiftyJSON iOS Tests.xctest */,
				4CFAB1C72169863D001383BA /* SwiftyJSON.framework */,
				4CFAB1C92169863D001383BA /* SwiftyJSON macOS Tests.xctest */,
				4CFAB1CB2169863D001383BA /* SwiftyJSON.framework */,
				4CFAB1CD2169863D001383BA /* SwiftyJSON.framework */,
				4CFAB1CF2169863D001383BA /* SwiftyJSON tvOS Tests.xctest */,
			);
			name = Products;
			sourceTree = "<group>";
		};
		4CFAB1D121698640001383BA /* Products */ = {
			isa = PBXGroup;
			children = (
				4CFAB1DC21698640001383BA /* SwiftyJSON.framework */,
				4CFAB1DE21698640001383BA /* SwiftyJSON iOS Tests.xctest */,
				4CFAB1E021698640001383BA /* SwiftyJSON.framework */,
				4CFAB1E221698640001383BA /* SwiftyJSON macOS Tests.xctest */,
				4CFAB1E421698640001383BA /* SwiftyJSON.framework */,
				4CFAB1E621698640001383BA /* SwiftyJSON.framework */,
				4CFAB1E821698640001383BA /* SwiftyJSON tvOS Tests.xctest */,
			);
			name = Products;
			sourceTree = "<group>";
		};
		4CFAB2072169A3EA001383BA /* PreMatch Live */ = {
			isa = PBXGroup;
			children = (
				4CFAB219216A736A001383BA /* PreMatch Live.entitlements */,
				4CFAB2082169A3EA001383BA /* TodayViewController.swift */,
				4CFAB20A2169A3EA001383BA /* MainInterface.storyboard */,
				4CFAB20D2169A3EA001383BA /* Info.plist */,
				4C959AAE217B4DB20082FFD9 /* Renderer.swift */,
				4CBBB0622181D8210041DB11 /* PeriodColumns.swift */,
			);
			path = "PreMatch Live";
			sourceTree = "<group>";
		};
		4CFAB22C2172ED04001383BA /* SevenPlusH */ = {
			isa = PBXGroup;
			children = (
				4CFAB21D216E782E001383BA /* SphCalendar.swift */,
				4CFAB220216F62AD001383BA /* Exclusion.swift */,
				4CFAB223216F658C001383BA /* Day.swift */,
				4CFAB22D2172ED04001383BA /* SevenPlusH.h */,
				4CFAB22E2172ED04001383BA /* Info.plist */,
				4CB3E0A02174AB7E0079E5DD /* DefinitionReader.swift */,
				4CEC5936217916EA005A0C37 /* SphTimetable.swift */,
				4CEC595821794790005A0C37 /* ExclusionParser.swift */,
				4C959AA1217AA5CB0082FFD9 /* ResourceProvider.swift */,
				4C959AB4217E314C0082FFD9 /* ResourceDownloader.swift */,
				4C959AB2217DF3830082FFD9 /* SphSchedule.swift */,
			);
			path = SevenPlusH;
			sourceTree = "<group>";
		};
		4CFAB2372172ED05001383BA /* SevenPlusHTests */ = {
			isa = PBXGroup;
			children = (
				4CF29F582167C24100BD1CD2 /* CalendarTests.swift */,
				4CFAB23A2172ED05001383BA /* Info.plist */,
				4CB3E0A42176BDA10079E5DD /* DefinitionReaderTests.swift */,
				4CEC59562179172E005A0C37 /* TimetableTests.swift */,
				4C959AB0217DE7100082FFD9 /* ScheduleTests.swift */,
			);
			path = SevenPlusHTests;
			sourceTree = "<group>";
		};
/* End PBXGroup section */

/* Begin PBXHeadersBuildPhase section */
		4CFAB2282172ED03001383BA /* Headers */ = {
			isa = PBXHeadersBuildPhase;
			buildActionMask = 2147483647;
			files = (
				4CFAB23B2172ED05001383BA /* SevenPlusH.h in Headers */,
			);
			runOnlyForDeploymentPostprocessing = 0;
		};
/* End PBXHeadersBuildPhase section */

/* Begin PBXNativeTarget section */
		4CF29F3B2167C23900BD1CD2 /* PreMatch */ = {
			isa = PBXNativeTarget;
			buildConfigurationList = 4CF29F682167C24100BD1CD2 /* Build configuration list for PBXNativeTarget "PreMatch" */;
			buildPhases = (
				4CF29F382167C23900BD1CD2 /* Sources */,
				4CF29F392167C23900BD1CD2 /* Frameworks */,
				4CF29F3A2167C23900BD1CD2 /* Resources */,
				4CFAB1A5216940DC001383BA /* Embed Frameworks */,
				4CFAB1FF2169A260001383BA /* Embed App Extensions */,
			);
			buildRules = (
			);
			dependencies = (
				4CFAB20F2169A3EA001383BA /* PBXTargetDependency */,
				4CEC595D217A441B005A0C37 /* PBXTargetDependency */,
				4C959AA9217ADDA00082FFD9 /* PBXTargetDependency */,
				4C959AAD217ADDA40082FFD9 /* PBXTargetDependency */,
			);
			name = PreMatch;
			productName = PreMatch;
			productReference = 4CF29F3C2167C23A00BD1CD2 /* PreMatch.app */;
			productType = "com.apple.product-type.application";
		};
		4CF29F532167C24100BD1CD2 /* PreMatchTests */ = {
			isa = PBXNativeTarget;
			buildConfigurationList = 4CF29F6B2167C24100BD1CD2 /* Build configuration list for PBXNativeTarget "PreMatchTests" */;
			buildPhases = (
				4CF29F502167C24100BD1CD2 /* Sources */,
				4CF29F512167C24100BD1CD2 /* Frameworks */,
				4CF29F522167C24100BD1CD2 /* Resources */,
			);
			buildRules = (
			);
			dependencies = (
				4CF29F562167C24100BD1CD2 /* PBXTargetDependency */,
			);
			name = PreMatchTests;
			productName = PreMatchTests;
			productReference = 4CF29F542167C24100BD1CD2 /* PreMatchTests.xctest */;
			productType = "com.apple.product-type.bundle.unit-test";
		};
		4CFAB2042169A3E9001383BA /* PreMatch Live */ = {
			isa = PBXNativeTarget;
			buildConfigurationList = 4CFAB2112169A3EA001383BA /* Build configuration list for PBXNativeTarget "PreMatch Live" */;
			buildPhases = (
				4CFAB2012169A3E9001383BA /* Sources */,
				4CFAB2022169A3E9001383BA /* Frameworks */,
				4CFAB2032169A3E9001383BA /* Resources */,
			);
			buildRules = (
			);
			dependencies = (
			);
			name = "PreMatch Live";
			productName = "PreMatch Live";
			productReference = 4CFAB2052169A3E9001383BA /* PreMatch Live.appex */;
			productType = "com.apple.product-type.app-extension";
		};
		4CFAB22A2172ED03001383BA /* SevenPlusH */ = {
			isa = PBXNativeTarget;
			buildConfigurationList = 4CFAB23C2172ED05001383BA /* Build configuration list for PBXNativeTarget "SevenPlusH" */;
			buildPhases = (
				4CFAB2262172ED03001383BA /* Sources */,
				4CFAB2272172ED03001383BA /* Frameworks */,
				4CFAB2282172ED03001383BA /* Headers */,
				4CFAB2292172ED03001383BA /* Resources */,
			);
			buildRules = (
			);
			dependencies = (
			);
			name = SevenPlusH;
			productName = SevenPlusH;
			productReference = 4CFAB22B2172ED03001383BA /* SevenPlusH.framework */;
			productType = "com.apple.product-type.framework";
		};
		4CFAB2322172ED04001383BA /* SevenPlusHTests */ = {
			isa = PBXNativeTarget;
			buildConfigurationList = 4CFAB23F2172ED05001383BA /* Build configuration list for PBXNativeTarget "SevenPlusHTests" */;
			buildPhases = (
				4CFAB22F2172ED04001383BA /* Sources */,
				4CFAB2302172ED04001383BA /* Frameworks */,
				4CFAB2312172ED04001383BA /* Resources */,
			);
			buildRules = (
			);
			dependencies = (
				4CFAB2362172ED05001383BA /* PBXTargetDependency */,
				4CFAB2432172ED10001383BA /* PBXTargetDependency */,
			);
			name = SevenPlusHTests;
			productName = SevenPlusHTests;
			productReference = 4CFAB2332172ED04001383BA /* SevenPlusHTests.xctest */;
			productType = "com.apple.product-type.bundle.unit-test";
		};
/* End PBXNativeTarget section */

/* Begin PBXProject section */
		4CF29F342167C23900BD1CD2 /* Project object */ = {
			isa = PBXProject;
			attributes = {
				LastSwiftUpdateCheck = 0940;
				LastUpgradeCheck = 0940;
				ORGANIZATIONNAME = PreMatch;
				TargetAttributes = {
					4CF29F3B2167C23900BD1CD2 = {
						CreatedOnToolsVersion = 9.4.1;
						SystemCapabilities = {
							com.apple.ApplicationGroups.iOS = {
								enabled = 1;
							};
						};
					};
					4CF29F532167C24100BD1CD2 = {
						CreatedOnToolsVersion = 9.4.1;
						TestTargetID = 4CF29F3B2167C23900BD1CD2;
					};
					4CFAB2042169A3E9001383BA = {
						CreatedOnToolsVersion = 9.4.1;
						SystemCapabilities = {
							com.apple.ApplicationGroups.iOS = {
								enabled = 1;
							};
						};
					};
					4CFAB22A2172ED03001383BA = {
						CreatedOnToolsVersion = 9.4.1;
					};
					4CFAB2322172ED04001383BA = {
						CreatedOnToolsVersion = 9.4.1;
						TestTargetID = 4CF29F3B2167C23900BD1CD2;
					};
				};
			};
			buildConfigurationList = 4CF29F372167C23900BD1CD2 /* Build configuration list for PBXProject "PreMatch" */;
			compatibilityVersion = "Xcode 9.3";
			developmentRegion = en;
			hasScannedForEncodings = 0;
			knownRegions = (
				en,
				Base,
			);
			mainGroup = 4CF29F332167C23900BD1CD2;
			productRefGroup = 4CF29F3D2167C23A00BD1CD2 /* Products */;
			projectDirPath = "";
			projectReferences = (
				{
					ProductGroup = 4CFAB1892169400C001383BA /* Products */;
					ProjectRef = 4CFAB1882169400C001383BA /* Alamofire.xcodeproj */;
				},
				{
					ProductGroup = 4CFAB17021693FFD001383BA /* Products */;
					ProjectRef = 4CFAB16F21693FFD001383BA /* Alamofire.xcodeproj */;
				},
				{
					ProductGroup = 4CFAB1A92169863C001383BA /* Products */;
					ProjectRef = 4CFAB1A82169863C001383BA /* SwiftyJSON.xcodeproj */;
				},
				{
					ProductGroup = 4CFAB1D121698640001383BA /* Products */;
					ProjectRef = 4CFAB1D021698640001383BA /* SwiftyJSON.xcodeproj */;
				},
			);
			projectRoot = "";
			targets = (
				4CF29F3B2167C23900BD1CD2 /* PreMatch */,
				4CF29F532167C24100BD1CD2 /* PreMatchTests */,
				4CFAB2042169A3E9001383BA /* PreMatch Live */,
				4CFAB22A2172ED03001383BA /* SevenPlusH */,
				4CFAB2322172ED04001383BA /* SevenPlusHTests */,
			);
		};
/* End PBXProject section */

/* Begin PBXReferenceProxy section */
		4CFAB17B21693FFD001383BA /* Alamofire.framework */ = {
			isa = PBXReferenceProxy;
			fileType = wrapper.framework;
			path = Alamofire.framework;
			remoteRef = 4CFAB17A21693FFD001383BA /* PBXContainerItemProxy */;
			sourceTree = BUILT_PRODUCTS_DIR;
		};
		4CFAB17D21693FFD001383BA /* Alamofire iOS Tests.xctest */ = {
			isa = PBXReferenceProxy;
			fileType = wrapper.cfbundle;
			path = "Alamofire iOS Tests.xctest";
			remoteRef = 4CFAB17C21693FFD001383BA /* PBXContainerItemProxy */;
			sourceTree = BUILT_PRODUCTS_DIR;
		};
		4CFAB17F21693FFD001383BA /* Alamofire.framework */ = {
			isa = PBXReferenceProxy;
			fileType = wrapper.framework;
			path = Alamofire.framework;
			remoteRef = 4CFAB17E21693FFD001383BA /* PBXContainerItemProxy */;
			sourceTree = BUILT_PRODUCTS_DIR;
		};
		4CFAB18121693FFD001383BA /* Alamofire macOS Tests.xctest */ = {
			isa = PBXReferenceProxy;
			fileType = wrapper.cfbundle;
			path = "Alamofire macOS Tests.xctest";
			remoteRef = 4CFAB18021693FFD001383BA /* PBXContainerItemProxy */;
			sourceTree = BUILT_PRODUCTS_DIR;
		};
		4CFAB18321693FFD001383BA /* Alamofire.framework */ = {
			isa = PBXReferenceProxy;
			fileType = wrapper.framework;
			path = Alamofire.framework;
			remoteRef = 4CFAB18221693FFD001383BA /* PBXContainerItemProxy */;
			sourceTree = BUILT_PRODUCTS_DIR;
		};
		4CFAB18521693FFD001383BA /* Alamofire tvOS Tests.xctest */ = {
			isa = PBXReferenceProxy;
			fileType = wrapper.cfbundle;
			path = "Alamofire tvOS Tests.xctest";
			remoteRef = 4CFAB18421693FFD001383BA /* PBXContainerItemProxy */;
			sourceTree = BUILT_PRODUCTS_DIR;
		};
		4CFAB18721693FFD001383BA /* Alamofire.framework */ = {
			isa = PBXReferenceProxy;
			fileType = wrapper.framework;
			path = Alamofire.framework;
			remoteRef = 4CFAB18621693FFD001383BA /* PBXContainerItemProxy */;
			sourceTree = BUILT_PRODUCTS_DIR;
		};
		4CFAB1942169400C001383BA /* Alamofire.framework */ = {
			isa = PBXReferenceProxy;
			fileType = wrapper.framework;
			path = Alamofire.framework;
			remoteRef = 4CFAB1932169400C001383BA /* PBXContainerItemProxy */;
			sourceTree = BUILT_PRODUCTS_DIR;
		};
		4CFAB1962169400C001383BA /* Alamofire iOS Tests.xctest */ = {
			isa = PBXReferenceProxy;
			fileType = wrapper.cfbundle;
			path = "Alamofire iOS Tests.xctest";
			remoteRef = 4CFAB1952169400C001383BA /* PBXContainerItemProxy */;
			sourceTree = BUILT_PRODUCTS_DIR;
		};
		4CFAB1982169400C001383BA /* Alamofire.framework */ = {
			isa = PBXReferenceProxy;
			fileType = wrapper.framework;
			path = Alamofire.framework;
			remoteRef = 4CFAB1972169400C001383BA /* PBXContainerItemProxy */;
			sourceTree = BUILT_PRODUCTS_DIR;
		};
		4CFAB19A2169400C001383BA /* Alamofire macOS Tests.xctest */ = {
			isa = PBXReferenceProxy;
			fileType = wrapper.cfbundle;
			path = "Alamofire macOS Tests.xctest";
			remoteRef = 4CFAB1992169400C001383BA /* PBXContainerItemProxy */;
			sourceTree = BUILT_PRODUCTS_DIR;
		};
		4CFAB19C2169400C001383BA /* Alamofire.framework */ = {
			isa = PBXReferenceProxy;
			fileType = wrapper.framework;
			path = Alamofire.framework;
			remoteRef = 4CFAB19B2169400C001383BA /* PBXContainerItemProxy */;
			sourceTree = BUILT_PRODUCTS_DIR;
		};
		4CFAB19E2169400C001383BA /* Alamofire tvOS Tests.xctest */ = {
			isa = PBXReferenceProxy;
			fileType = wrapper.cfbundle;
			path = "Alamofire tvOS Tests.xctest";
			remoteRef = 4CFAB19D2169400C001383BA /* PBXContainerItemProxy */;
			sourceTree = BUILT_PRODUCTS_DIR;
		};
		4CFAB1A02169400C001383BA /* Alamofire.framework */ = {
			isa = PBXReferenceProxy;
			fileType = wrapper.framework;
			path = Alamofire.framework;
			remoteRef = 4CFAB19F2169400C001383BA /* PBXContainerItemProxy */;
			sourceTree = BUILT_PRODUCTS_DIR;
		};
		4CFAB1C32169863D001383BA /* SwiftyJSON.framework */ = {
			isa = PBXReferenceProxy;
			fileType = wrapper.framework;
			path = SwiftyJSON.framework;
			remoteRef = 4CFAB1C22169863D001383BA /* PBXContainerItemProxy */;
			sourceTree = BUILT_PRODUCTS_DIR;
		};
		4CFAB1C52169863D001383BA /* SwiftyJSON iOS Tests.xctest */ = {
			isa = PBXReferenceProxy;
			fileType = wrapper.cfbundle;
			path = "SwiftyJSON iOS Tests.xctest";
			remoteRef = 4CFAB1C42169863D001383BA /* PBXContainerItemProxy */;
			sourceTree = BUILT_PRODUCTS_DIR;
		};
		4CFAB1C72169863D001383BA /* SwiftyJSON.framework */ = {
			isa = PBXReferenceProxy;
			fileType = wrapper.framework;
			path = SwiftyJSON.framework;
			remoteRef = 4CFAB1C62169863D001383BA /* PBXContainerItemProxy */;
			sourceTree = BUILT_PRODUCTS_DIR;
		};
		4CFAB1C92169863D001383BA /* SwiftyJSON macOS Tests.xctest */ = {
			isa = PBXReferenceProxy;
			fileType = wrapper.cfbundle;
			path = "SwiftyJSON macOS Tests.xctest";
			remoteRef = 4CFAB1C82169863D001383BA /* PBXContainerItemProxy */;
			sourceTree = BUILT_PRODUCTS_DIR;
		};
		4CFAB1CB2169863D001383BA /* SwiftyJSON.framework */ = {
			isa = PBXReferenceProxy;
			fileType = wrapper.framework;
			path = SwiftyJSON.framework;
			remoteRef = 4CFAB1CA2169863D001383BA /* PBXContainerItemProxy */;
			sourceTree = BUILT_PRODUCTS_DIR;
		};
		4CFAB1CD2169863D001383BA /* SwiftyJSON.framework */ = {
			isa = PBXReferenceProxy;
			fileType = wrapper.framework;
			path = SwiftyJSON.framework;
			remoteRef = 4CFAB1CC2169863D001383BA /* PBXContainerItemProxy */;
			sourceTree = BUILT_PRODUCTS_DIR;
		};
		4CFAB1CF2169863D001383BA /* SwiftyJSON tvOS Tests.xctest */ = {
			isa = PBXReferenceProxy;
			fileType = wrapper.cfbundle;
			path = "SwiftyJSON tvOS Tests.xctest";
			remoteRef = 4CFAB1CE2169863D001383BA /* PBXContainerItemProxy */;
			sourceTree = BUILT_PRODUCTS_DIR;
		};
		4CFAB1DC21698640001383BA /* SwiftyJSON.framework */ = {
			isa = PBXReferenceProxy;
			fileType = wrapper.framework;
			path = SwiftyJSON.framework;
			remoteRef = 4CFAB1DB21698640001383BA /* PBXContainerItemProxy */;
			sourceTree = BUILT_PRODUCTS_DIR;
		};
		4CFAB1DE21698640001383BA /* SwiftyJSON iOS Tests.xctest */ = {
			isa = PBXReferenceProxy;
			fileType = wrapper.cfbundle;
			path = "SwiftyJSON iOS Tests.xctest";
			remoteRef = 4CFAB1DD21698640001383BA /* PBXContainerItemProxy */;
			sourceTree = BUILT_PRODUCTS_DIR;
		};
		4CFAB1E021698640001383BA /* SwiftyJSON.framework */ = {
			isa = PBXReferenceProxy;
			fileType = wrapper.framework;
			path = SwiftyJSON.framework;
			remoteRef = 4CFAB1DF21698640001383BA /* PBXContainerItemProxy */;
			sourceTree = BUILT_PRODUCTS_DIR;
		};
		4CFAB1E221698640001383BA /* SwiftyJSON macOS Tests.xctest */ = {
			isa = PBXReferenceProxy;
			fileType = wrapper.cfbundle;
			path = "SwiftyJSON macOS Tests.xctest";
			remoteRef = 4CFAB1E121698640001383BA /* PBXContainerItemProxy */;
			sourceTree = BUILT_PRODUCTS_DIR;
		};
		4CFAB1E421698640001383BA /* SwiftyJSON.framework */ = {
			isa = PBXReferenceProxy;
			fileType = wrapper.framework;
			path = SwiftyJSON.framework;
			remoteRef = 4CFAB1E321698640001383BA /* PBXContainerItemProxy */;
			sourceTree = BUILT_PRODUCTS_DIR;
		};
		4CFAB1E621698640001383BA /* SwiftyJSON.framework */ = {
			isa = PBXReferenceProxy;
			fileType = wrapper.framework;
			path = SwiftyJSON.framework;
			remoteRef = 4CFAB1E521698640001383BA /* PBXContainerItemProxy */;
			sourceTree = BUILT_PRODUCTS_DIR;
		};
		4CFAB1E821698640001383BA /* SwiftyJSON tvOS Tests.xctest */ = {
			isa = PBXReferenceProxy;
			fileType = wrapper.cfbundle;
			path = "SwiftyJSON tvOS Tests.xctest";
			remoteRef = 4CFAB1E721698640001383BA /* PBXContainerItemProxy */;
			sourceTree = BUILT_PRODUCTS_DIR;
		};
/* End PBXReferenceProxy section */

/* Begin PBXResourcesBuildPhase section */
		4CF29F3A2167C23900BD1CD2 /* Resources */ = {
			isa = PBXResourcesBuildPhase;
			buildActionMask = 2147483647;
			files = (
				4CFAB15D21684B4C001383BA /* GoogleSignIn.bundle in Resources */,
				4CF29F4E2167C24100BD1CD2 /* LaunchScreen.storyboard in Resources */,
				4CF29F4B2167C24100BD1CD2 /* Assets.xcassets in Resources */,
				4CF29F492167C23A00BD1CD2 /* Main.storyboard in Resources */,
			);
			runOnlyForDeploymentPostprocessing = 0;
		};
		4CF29F522167C24100BD1CD2 /* Resources */ = {
			isa = PBXResourcesBuildPhase;
			buildActionMask = 2147483647;
			files = (
			);
			runOnlyForDeploymentPostprocessing = 0;
		};
		4CFAB2032169A3E9001383BA /* Resources */ = {
			isa = PBXResourcesBuildPhase;
			buildActionMask = 2147483647;
			files = (
				4CFAB20C2169A3EA001383BA /* MainInterface.storyboard in Resources */,
			);
			runOnlyForDeploymentPostprocessing = 0;
		};
		4CFAB2292172ED03001383BA /* Resources */ = {
			isa = PBXResourcesBuildPhase;
			buildActionMask = 2147483647;
			files = (
			);
			runOnlyForDeploymentPostprocessing = 0;
		};
		4CFAB2312172ED04001383BA /* Resources */ = {
			isa = PBXResourcesBuildPhase;
			buildActionMask = 2147483647;
			files = (
			);
			runOnlyForDeploymentPostprocessing = 0;
		};
/* End PBXResourcesBuildPhase section */

/* Begin PBXSourcesBuildPhase section */
		4CF29F382167C23900BD1CD2 /* Sources */ = {
			isa = PBXSourcesBuildPhase;
			buildActionMask = 2147483647;
			files = (
				4CF29F422167C23A00BD1CD2 /* RootViewController.swift in Sources */,
				4CF29F402167C23A00BD1CD2 /* AppDelegate.swift in Sources */,
				4C0239D52180042E00A336E2 /* AboutViewController.swift in Sources */,
				4C959AB7217F93D40082FFD9 /* MainViewController.swift in Sources */,
				4C36E68221808EF500F1983F /* QueryViewController.swift in Sources */,
			);
			runOnlyForDeploymentPostprocessing = 0;
		};
		4CF29F502167C24100BD1CD2 /* Sources */ = {
			isa = PBXSourcesBuildPhase;
			buildActionMask = 2147483647;
			files = (
			);
			runOnlyForDeploymentPostprocessing = 0;
		};
		4CFAB2012169A3E9001383BA /* Sources */ = {
			isa = PBXSourcesBuildPhase;
			buildActionMask = 2147483647;
			files = (
				4CBBB0632181D8210041DB11 /* PeriodColumns.swift in Sources */,
				4C959AAF217B4DB20082FFD9 /* Renderer.swift in Sources */,
				4CFAB2092169A3EA001383BA /* TodayViewController.swift in Sources */,
			);
			runOnlyForDeploymentPostprocessing = 0;
		};
		4CFAB2262172ED03001383BA /* Sources */ = {
			isa = PBXSourcesBuildPhase;
			buildActionMask = 2147483647;
			files = (
				4CFAB2462172EF6C001383BA /* SphCalendar.swift in Sources */,
				4C959AA2217AA5CB0082FFD9 /* ResourceProvider.swift in Sources */,
				4CB3E0A12174AB7E0079E5DD /* DefinitionReader.swift in Sources */,
				4CFAB2472172EF6C001383BA /* Exclusion.swift in Sources */,
				4C959AB3217DF3830082FFD9 /* SphSchedule.swift in Sources */,
				4CEC5937217916EA005A0C37 /* SphTimetable.swift in Sources */,
				4CFAB2482172EF6C001383BA /* Day.swift in Sources */,
				4C959AB5217E314C0082FFD9 /* ResourceDownloader.swift in Sources */,
				4CEC595921794790005A0C37 /* ExclusionParser.swift in Sources */,
			);
			runOnlyForDeploymentPostprocessing = 0;
		};
		4CFAB22F2172ED04001383BA /* Sources */ = {
			isa = PBXSourcesBuildPhase;
			buildActionMask = 2147483647;
			files = (
				4CB3E0A52176BDA20079E5DD /* DefinitionReaderTests.swift in Sources */,
				4CEC59572179172E005A0C37 /* TimetableTests.swift in Sources */,
				4C959AB1217DE7100082FFD9 /* ScheduleTests.swift in Sources */,
				4CFAB2442172EDA2001383BA /* CalendarTests.swift in Sources */,
			);
			runOnlyForDeploymentPostprocessing = 0;
		};
/* End PBXSourcesBuildPhase section */

/* Begin PBXTargetDependency section */
		4C959AA9217ADDA00082FFD9 /* PBXTargetDependency */ = {
			isa = PBXTargetDependency;
			name = "Alamofire iOS";
			targetProxy = 4C959AA8217ADDA00082FFD9 /* PBXContainerItemProxy */;
		};
		4C959AAD217ADDA40082FFD9 /* PBXTargetDependency */ = {
			isa = PBXTargetDependency;
			name = "SwiftyJSON iOS";
			targetProxy = 4C959AAC217ADDA40082FFD9 /* PBXContainerItemProxy */;
		};
		4CEC595D217A441B005A0C37 /* PBXTargetDependency */ = {
			isa = PBXTargetDependency;
			target = 4CFAB22A2172ED03001383BA /* SevenPlusH */;
			targetProxy = 4CEC595C217A441B005A0C37 /* PBXContainerItemProxy */;
		};
		4CF29F562167C24100BD1CD2 /* PBXTargetDependency */ = {
			isa = PBXTargetDependency;
			target = 4CF29F3B2167C23900BD1CD2 /* PreMatch */;
			targetProxy = 4CF29F552167C24100BD1CD2 /* PBXContainerItemProxy */;
		};
		4CFAB20F2169A3EA001383BA /* PBXTargetDependency */ = {
			isa = PBXTargetDependency;
			target = 4CFAB2042169A3E9001383BA /* PreMatch Live */;
			targetProxy = 4CFAB20E2169A3EA001383BA /* PBXContainerItemProxy */;
		};
		4CFAB2362172ED05001383BA /* PBXTargetDependency */ = {
			isa = PBXTargetDependency;
			target = 4CFAB22A2172ED03001383BA /* SevenPlusH */;
			targetProxy = 4CFAB2352172ED05001383BA /* PBXContainerItemProxy */;
		};
		4CFAB2432172ED10001383BA /* PBXTargetDependency */ = {
			isa = PBXTargetDependency;
			target = 4CF29F3B2167C23900BD1CD2 /* PreMatch */;
			targetProxy = 4CFAB2422172ED10001383BA /* PBXContainerItemProxy */;
		};
/* End PBXTargetDependency section */

/* Begin PBXVariantGroup section */
		4CF29F472167C23A00BD1CD2 /* Main.storyboard */ = {
			isa = PBXVariantGroup;
			children = (
				4CF29F482167C23A00BD1CD2 /* Base */,
			);
			name = Main.storyboard;
			sourceTree = "<group>";
		};
		4CF29F4C2167C24100BD1CD2 /* LaunchScreen.storyboard */ = {
			isa = PBXVariantGroup;
			children = (
				4CF29F4D2167C24100BD1CD2 /* Base */,
			);
			name = LaunchScreen.storyboard;
			sourceTree = "<group>";
		};
		4CFAB20A2169A3EA001383BA /* MainInterface.storyboard */ = {
			isa = PBXVariantGroup;
			children = (
				4CFAB20B2169A3EA001383BA /* Base */,
			);
			name = MainInterface.storyboard;
			sourceTree = "<group>";
		};
/* End PBXVariantGroup section */

/* Begin XCBuildConfiguration section */
		4CF29F662167C24100BD1CD2 /* Debug */ = {
			isa = XCBuildConfiguration;
			buildSettings = {
				ALWAYS_SEARCH_USER_PATHS = NO;
				CLANG_ANALYZER_NONNULL = YES;
				CLANG_ANALYZER_NUMBER_OBJECT_CONVERSION = YES_AGGRESSIVE;
				CLANG_CXX_LANGUAGE_STANDARD = "gnu++14";
				CLANG_CXX_LIBRARY = "libc++";
				CLANG_ENABLE_MODULES = YES;
				CLANG_ENABLE_OBJC_ARC = YES;
				CLANG_ENABLE_OBJC_WEAK = YES;
				CLANG_WARN_BLOCK_CAPTURE_AUTORELEASING = YES;
				CLANG_WARN_BOOL_CONVERSION = YES;
				CLANG_WARN_COMMA = YES;
				CLANG_WARN_CONSTANT_CONVERSION = YES;
				CLANG_WARN_DEPRECATED_OBJC_IMPLEMENTATIONS = YES;
				CLANG_WARN_DIRECT_OBJC_ISA_USAGE = YES_ERROR;
				CLANG_WARN_DOCUMENTATION_COMMENTS = YES;
				CLANG_WARN_EMPTY_BODY = YES;
				CLANG_WARN_ENUM_CONVERSION = YES;
				CLANG_WARN_INFINITE_RECURSION = YES;
				CLANG_WARN_INT_CONVERSION = YES;
				CLANG_WARN_NON_LITERAL_NULL_CONVERSION = YES;
				CLANG_WARN_OBJC_IMPLICIT_RETAIN_SELF = YES;
				CLANG_WARN_OBJC_LITERAL_CONVERSION = YES;
				CLANG_WARN_OBJC_ROOT_CLASS = YES_ERROR;
				CLANG_WARN_RANGE_LOOP_ANALYSIS = YES;
				CLANG_WARN_STRICT_PROTOTYPES = YES;
				CLANG_WARN_SUSPICIOUS_MOVE = YES;
				CLANG_WARN_UNGUARDED_AVAILABILITY = YES_AGGRESSIVE;
				CLANG_WARN_UNREACHABLE_CODE = YES;
				CLANG_WARN__DUPLICATE_METHOD_MATCH = YES;
				CODE_SIGN_IDENTITY = "iPhone Developer";
				COPY_PHASE_STRIP = NO;
				DEBUG_INFORMATION_FORMAT = dwarf;
				ENABLE_STRICT_OBJC_MSGSEND = YES;
				ENABLE_TESTABILITY = YES;
				GCC_C_LANGUAGE_STANDARD = gnu11;
				GCC_DYNAMIC_NO_PIC = NO;
				GCC_NO_COMMON_BLOCKS = YES;
				GCC_OPTIMIZATION_LEVEL = 0;
				GCC_PREPROCESSOR_DEFINITIONS = (
					"DEBUG=1",
					"$(inherited)",
				);
				GCC_WARN_64_TO_32_BIT_CONVERSION = YES;
				GCC_WARN_ABOUT_RETURN_TYPE = YES_ERROR;
				GCC_WARN_UNDECLARED_SELECTOR = YES;
				GCC_WARN_UNINITIALIZED_AUTOS = YES_AGGRESSIVE;
				GCC_WARN_UNUSED_FUNCTION = YES;
				GCC_WARN_UNUSED_VARIABLE = YES;
				IPHONEOS_DEPLOYMENT_TARGET = 10.0;
				MTL_ENABLE_DEBUG_INFO = YES;
				ONLY_ACTIVE_ARCH = YES;
				OTHER_LDFLAGS = (
					"$(OTHER_LDFLAGS)",
					"-ObjC",
				);
				SDKROOT = iphoneos;
				SWIFT_ACTIVE_COMPILATION_CONDITIONS = DEBUG;
				SWIFT_OPTIMIZATION_LEVEL = "-Onone";
				SWIFT_VERSION = 4.2;
			};
			name = Debug;
		};
		4CF29F672167C24100BD1CD2 /* Release */ = {
			isa = XCBuildConfiguration;
			buildSettings = {
				ALWAYS_SEARCH_USER_PATHS = NO;
				CLANG_ANALYZER_NONNULL = YES;
				CLANG_ANALYZER_NUMBER_OBJECT_CONVERSION = YES_AGGRESSIVE;
				CLANG_CXX_LANGUAGE_STANDARD = "gnu++14";
				CLANG_CXX_LIBRARY = "libc++";
				CLANG_ENABLE_MODULES = YES;
				CLANG_ENABLE_OBJC_ARC = YES;
				CLANG_ENABLE_OBJC_WEAK = YES;
				CLANG_WARN_BLOCK_CAPTURE_AUTORELEASING = YES;
				CLANG_WARN_BOOL_CONVERSION = YES;
				CLANG_WARN_COMMA = YES;
				CLANG_WARN_CONSTANT_CONVERSION = YES;
				CLANG_WARN_DEPRECATED_OBJC_IMPLEMENTATIONS = YES;
				CLANG_WARN_DIRECT_OBJC_ISA_USAGE = YES_ERROR;
				CLANG_WARN_DOCUMENTATION_COMMENTS = YES;
				CLANG_WARN_EMPTY_BODY = YES;
				CLANG_WARN_ENUM_CONVERSION = YES;
				CLANG_WARN_INFINITE_RECURSION = YES;
				CLANG_WARN_INT_CONVERSION = YES;
				CLANG_WARN_NON_LITERAL_NULL_CONVERSION = YES;
				CLANG_WARN_OBJC_IMPLICIT_RETAIN_SELF = YES;
				CLANG_WARN_OBJC_LITERAL_CONVERSION = YES;
				CLANG_WARN_OBJC_ROOT_CLASS = YES_ERROR;
				CLANG_WARN_RANGE_LOOP_ANALYSIS = YES;
				CLANG_WARN_STRICT_PROTOTYPES = YES;
				CLANG_WARN_SUSPICIOUS_MOVE = YES;
				CLANG_WARN_UNGUARDED_AVAILABILITY = YES_AGGRESSIVE;
				CLANG_WARN_UNREACHABLE_CODE = YES;
				CLANG_WARN__DUPLICATE_METHOD_MATCH = YES;
				CODE_SIGN_IDENTITY = "iPhone Developer";
				COPY_PHASE_STRIP = NO;
				DEBUG_INFORMATION_FORMAT = "dwarf-with-dsym";
				ENABLE_NS_ASSERTIONS = NO;
				ENABLE_STRICT_OBJC_MSGSEND = YES;
				GCC_C_LANGUAGE_STANDARD = gnu11;
				GCC_NO_COMMON_BLOCKS = YES;
				GCC_WARN_64_TO_32_BIT_CONVERSION = YES;
				GCC_WARN_ABOUT_RETURN_TYPE = YES_ERROR;
				GCC_WARN_UNDECLARED_SELECTOR = YES;
				GCC_WARN_UNINITIALIZED_AUTOS = YES_AGGRESSIVE;
				GCC_WARN_UNUSED_FUNCTION = YES;
				GCC_WARN_UNUSED_VARIABLE = YES;
				IPHONEOS_DEPLOYMENT_TARGET = 10.0;
				MTL_ENABLE_DEBUG_INFO = NO;
				OTHER_LDFLAGS = (
					"$(OTHER_LDFLAGS)",
					"-ObjC",
				);
				SDKROOT = iphoneos;
				SWIFT_COMPILATION_MODE = wholemodule;
				SWIFT_OPTIMIZATION_LEVEL = "-O";
				SWIFT_VERSION = 4.2;
				VALIDATE_PRODUCT = YES;
			};
			name = Release;
		};
		4CF29F692167C24100BD1CD2 /* Debug */ = {
			isa = XCBuildConfiguration;
			buildSettings = {
				ALWAYS_EMBED_SWIFT_STANDARD_LIBRARIES = YES;
				ASSETCATALOG_COMPILER_APPICON_NAME = AppIcon;
				CODE_SIGN_ENTITLEMENTS = PreMatch/PreMatch.entitlements;
				CODE_SIGN_STYLE = Automatic;
				DEVELOPMENT_TEAM = D34PP8BS37;
				FRAMEWORK_SEARCH_PATHS = (
					"$(inherited)",
					"$(PROJECT_DIR)",
				);
				INFOPLIST_FILE = PreMatch/Info.plist;
				IPHONEOS_DEPLOYMENT_TARGET = 10.0;
				LD_RUNPATH_SEARCH_PATHS = (
					"$(inherited)",
					"@executable_path/Frameworks",
				);
				PRODUCT_BUNDLE_IDENTIFIER = org.prematch.PreMatch;
				PRODUCT_NAME = "$(TARGET_NAME)";
				SWIFT_VERSION = 4.0;
				TARGETED_DEVICE_FAMILY = "1,2";
			};
			name = Debug;
		};
		4CF29F6A2167C24100BD1CD2 /* Release */ = {
			isa = XCBuildConfiguration;
			buildSettings = {
				ALWAYS_EMBED_SWIFT_STANDARD_LIBRARIES = YES;
				ASSETCATALOG_COMPILER_APPICON_NAME = AppIcon;
				CODE_SIGN_ENTITLEMENTS = PreMatch/PreMatch.entitlements;
				CODE_SIGN_STYLE = Automatic;
				DEVELOPMENT_TEAM = D34PP8BS37;
				FRAMEWORK_SEARCH_PATHS = (
					"$(inherited)",
					"$(PROJECT_DIR)",
				);
				INFOPLIST_FILE = PreMatch/Info.plist;
				IPHONEOS_DEPLOYMENT_TARGET = 10.0;
				LD_RUNPATH_SEARCH_PATHS = (
					"$(inherited)",
					"@executable_path/Frameworks",
				);
				PRODUCT_BUNDLE_IDENTIFIER = org.prematch.PreMatch;
				PRODUCT_NAME = "$(TARGET_NAME)";
				SWIFT_VERSION = 4.0;
				TARGETED_DEVICE_FAMILY = "1,2";
			};
			name = Release;
		};
		4CF29F6C2167C24100BD1CD2 /* Debug */ = {
			isa = XCBuildConfiguration;
			buildSettings = {
				ALWAYS_EMBED_SWIFT_STANDARD_LIBRARIES = YES;
				BUNDLE_LOADER = "$(TEST_HOST)";
				CODE_SIGN_STYLE = Automatic;
				DEVELOPMENT_TEAM = D34PP8BS37;
				INFOPLIST_FILE = PreMatchTests/Info.plist;
				LD_RUNPATH_SEARCH_PATHS = (
					"$(inherited)",
					"@executable_path/Frameworks",
					"@loader_path/Frameworks",
				);
				PRODUCT_BUNDLE_IDENTIFIER = com.broaderator.PreMatchTests;
				PRODUCT_NAME = "$(TARGET_NAME)";
				SWIFT_VERSION = 4.0;
				TARGETED_DEVICE_FAMILY = "1,2";
				TEST_HOST = "$(BUILT_PRODUCTS_DIR)/PreMatch.app/PreMatch";
			};
			name = Debug;
		};
		4CF29F6D2167C24100BD1CD2 /* Release */ = {
			isa = XCBuildConfiguration;
			buildSettings = {
				ALWAYS_EMBED_SWIFT_STANDARD_LIBRARIES = YES;
				BUNDLE_LOADER = "$(TEST_HOST)";
				CODE_SIGN_STYLE = Automatic;
				DEVELOPMENT_TEAM = D34PP8BS37;
				INFOPLIST_FILE = PreMatchTests/Info.plist;
				LD_RUNPATH_SEARCH_PATHS = (
					"$(inherited)",
					"@executable_path/Frameworks",
					"@loader_path/Frameworks",
				);
				PRODUCT_BUNDLE_IDENTIFIER = com.broaderator.PreMatchTests;
				PRODUCT_NAME = "$(TARGET_NAME)";
				SWIFT_VERSION = 4.0;
				TARGETED_DEVICE_FAMILY = "1,2";
				TEST_HOST = "$(BUILT_PRODUCTS_DIR)/PreMatch.app/PreMatch";
			};
			name = Release;
		};
		4CFAB2122169A3EA001383BA /* Debug */ = {
			isa = XCBuildConfiguration;
			buildSettings = {
				CODE_SIGN_ENTITLEMENTS = "PreMatch Live/PreMatch Live.entitlements";
				CODE_SIGN_STYLE = Automatic;
				DEVELOPMENT_TEAM = D34PP8BS37;
				INFOPLIST_FILE = "PreMatch Live/Info.plist";
				LD_RUNPATH_SEARCH_PATHS = (
					"$(inherited)",
					"@executable_path/Frameworks",
					"@executable_path/../../Frameworks",
				);
				PRODUCT_BUNDLE_IDENTIFIER = "org.prematch.PreMatch.PreMatch-Live";
				PRODUCT_NAME = "$(TARGET_NAME)";
				SKIP_INSTALL = YES;
				SWIFT_VERSION = 4.0;
				TARGETED_DEVICE_FAMILY = "1,2";
			};
			name = Debug;
		};
		4CFAB2132169A3EA001383BA /* Release */ = {
			isa = XCBuildConfiguration;
			buildSettings = {
				CODE_SIGN_ENTITLEMENTS = "PreMatch Live/PreMatch Live.entitlements";
				CODE_SIGN_STYLE = Automatic;
				DEVELOPMENT_TEAM = D34PP8BS37;
				INFOPLIST_FILE = "PreMatch Live/Info.plist";
				LD_RUNPATH_SEARCH_PATHS = (
					"$(inherited)",
					"@executable_path/Frameworks",
					"@executable_path/../../Frameworks",
				);
				PRODUCT_BUNDLE_IDENTIFIER = "org.prematch.PreMatch.PreMatch-Live";
				PRODUCT_NAME = "$(TARGET_NAME)";
				SKIP_INSTALL = YES;
				SWIFT_VERSION = 4.0;
				TARGETED_DEVICE_FAMILY = "1,2";
			};
			name = Release;
		};
		4CFAB23D2172ED05001383BA /* Debug */ = {
			isa = XCBuildConfiguration;
			buildSettings = {
				CODE_SIGN_IDENTITY = "";
				CODE_SIGN_STYLE = Automatic;
				CURRENT_PROJECT_VERSION = 1;
				DEFINES_MODULE = YES;
				DEVELOPMENT_TEAM = D34PP8BS37;
				DYLIB_COMPATIBILITY_VERSION = 1;
				DYLIB_CURRENT_VERSION = 1;
				DYLIB_INSTALL_NAME_BASE = "@rpath";
				FRAMEWORK_SEARCH_PATHS = (
					"$(inherited)",
					"$(PROJECT_DIR)",
				);
				INFOPLIST_FILE = SevenPlusH/Info.plist;
				INSTALL_PATH = "$(LOCAL_LIBRARY_DIR)/Frameworks";
				IPHONEOS_DEPLOYMENT_TARGET = 10.0;
				LD_RUNPATH_SEARCH_PATHS = (
					"$(inherited)",
					"@executable_path/Frameworks",
					"@loader_path/Frameworks",
				);
				PRODUCT_BUNDLE_IDENTIFIER = com.broaderator.SevenPlusH;
				PRODUCT_NAME = "$(TARGET_NAME:c99extidentifier)";
				SKIP_INSTALL = YES;
				SWIFT_VERSION = 4.0;
				TARGETED_DEVICE_FAMILY = "1,2";
				VERSIONING_SYSTEM = "apple-generic";
				VERSION_INFO_PREFIX = "";
			};
			name = Debug;
		};
		4CFAB23E2172ED05001383BA /* Release */ = {
			isa = XCBuildConfiguration;
			buildSettings = {
				CODE_SIGN_IDENTITY = "";
				CODE_SIGN_STYLE = Automatic;
				CURRENT_PROJECT_VERSION = 1;
				DEFINES_MODULE = YES;
				DEVELOPMENT_TEAM = D34PP8BS37;
				DYLIB_COMPATIBILITY_VERSION = 1;
				DYLIB_CURRENT_VERSION = 1;
				DYLIB_INSTALL_NAME_BASE = "@rpath";
				FRAMEWORK_SEARCH_PATHS = (
					"$(inherited)",
					"$(PROJECT_DIR)",
				);
				INFOPLIST_FILE = SevenPlusH/Info.plist;
				INSTALL_PATH = "$(LOCAL_LIBRARY_DIR)/Frameworks";
				IPHONEOS_DEPLOYMENT_TARGET = 10.0;
				LD_RUNPATH_SEARCH_PATHS = (
					"$(inherited)",
					"@executable_path/Frameworks",
					"@loader_path/Frameworks",
				);
				PRODUCT_BUNDLE_IDENTIFIER = com.broaderator.SevenPlusH;
				PRODUCT_NAME = "$(TARGET_NAME:c99extidentifier)";
				SKIP_INSTALL = YES;
				SWIFT_VERSION = 4.0;
				TARGETED_DEVICE_FAMILY = "1,2";
				VERSIONING_SYSTEM = "apple-generic";
				VERSION_INFO_PREFIX = "";
			};
			name = Release;
		};
		4CFAB2402172ED05001383BA /* Debug */ = {
			isa = XCBuildConfiguration;
			buildSettings = {
				ALWAYS_EMBED_SWIFT_STANDARD_LIBRARIES = YES;
				CODE_SIGN_STYLE = Automatic;
				DEVELOPMENT_TEAM = D34PP8BS37;
				INFOPLIST_FILE = SevenPlusHTests/Info.plist;
				IPHONEOS_DEPLOYMENT_TARGET = 11.4;
				LD_RUNPATH_SEARCH_PATHS = (
					"$(inherited)",
					"@executable_path/Frameworks",
					"@loader_path/Frameworks",
				);
				PRODUCT_BUNDLE_IDENTIFIER = com.broaderator.SevenPlusHTests;
				PRODUCT_NAME = "$(TARGET_NAME)";
				SWIFT_VERSION = 4.0;
				TARGETED_DEVICE_FAMILY = "1,2";
				TEST_HOST = "$(BUILT_PRODUCTS_DIR)/PreMatch.app/PreMatch";
			};
			name = Debug;
		};
		4CFAB2412172ED05001383BA /* Release */ = {
			isa = XCBuildConfiguration;
			buildSettings = {
				ALWAYS_EMBED_SWIFT_STANDARD_LIBRARIES = YES;
				CODE_SIGN_STYLE = Automatic;
				DEVELOPMENT_TEAM = D34PP8BS37;
				INFOPLIST_FILE = SevenPlusHTests/Info.plist;
				IPHONEOS_DEPLOYMENT_TARGET = 11.4;
				LD_RUNPATH_SEARCH_PATHS = (
					"$(inherited)",
					"@executable_path/Frameworks",
					"@loader_path/Frameworks",
				);
				PRODUCT_BUNDLE_IDENTIFIER = com.broaderator.SevenPlusHTests;
				PRODUCT_NAME = "$(TARGET_NAME)";
				SWIFT_VERSION = 4.0;
				TARGETED_DEVICE_FAMILY = "1,2";
				TEST_HOST = "$(BUILT_PRODUCTS_DIR)/PreMatch.app/PreMatch";
			};
			name = Release;
		};
/* End XCBuildConfiguration section */

/* Begin XCConfigurationList section */
		4CF29F372167C23900BD1CD2 /* Build configuration list for PBXProject "PreMatch" */ = {
			isa = XCConfigurationList;
			buildConfigurations = (
				4CF29F662167C24100BD1CD2 /* Debug */,
				4CF29F672167C24100BD1CD2 /* Release */,
			);
			defaultConfigurationIsVisible = 0;
			defaultConfigurationName = Release;
		};
		4CF29F682167C24100BD1CD2 /* Build configuration list for PBXNativeTarget "PreMatch" */ = {
			isa = XCConfigurationList;
			buildConfigurations = (
				4CF29F692167C24100BD1CD2 /* Debug */,
				4CF29F6A2167C24100BD1CD2 /* Release */,
			);
			defaultConfigurationIsVisible = 0;
			defaultConfigurationName = Release;
		};
		4CF29F6B2167C24100BD1CD2 /* Build configuration list for PBXNativeTarget "PreMatchTests" */ = {
			isa = XCConfigurationList;
			buildConfigurations = (
				4CF29F6C2167C24100BD1CD2 /* Debug */,
				4CF29F6D2167C24100BD1CD2 /* Release */,
			);
			defaultConfigurationIsVisible = 0;
			defaultConfigurationName = Release;
		};
		4CFAB2112169A3EA001383BA /* Build configuration list for PBXNativeTarget "PreMatch Live" */ = {
			isa = XCConfigurationList;
			buildConfigurations = (
				4CFAB2122169A3EA001383BA /* Debug */,
				4CFAB2132169A3EA001383BA /* Release */,
			);
			defaultConfigurationIsVisible = 0;
			defaultConfigurationName = Release;
		};
		4CFAB23C2172ED05001383BA /* Build configuration list for PBXNativeTarget "SevenPlusH" */ = {
			isa = XCConfigurationList;
			buildConfigurations = (
				4CFAB23D2172ED05001383BA /* Debug */,
				4CFAB23E2172ED05001383BA /* Release */,
			);
			defaultConfigurationIsVisible = 0;
			defaultConfigurationName = Release;
		};
		4CFAB23F2172ED05001383BA /* Build configuration list for PBXNativeTarget "SevenPlusHTests" */ = {
			isa = XCConfigurationList;
			buildConfigurations = (
				4CFAB2402172ED05001383BA /* Debug */,
				4CFAB2412172ED05001383BA /* Release */,
			);
			defaultConfigurationIsVisible = 0;
			defaultConfigurationName = Release;
		};
/* End XCConfigurationList section */
	};
	rootObject = 4CF29F342167C23900BD1CD2 /* Project object */;
}
